
Microsoft Visual Studio Solution File, Format Version 12.00
# Visual Studio Version 16
VisualStudioVersion = 16.0.30309.148
MinimumVisualStudioVersion = 10.0.40219.1
Project("{FAE04EC0-301F-11D3-BF4B-00C04F79EFBC}") = "StrategyGameDjikstraAlgo", "StrategyGameDjikstraAlgo\StrategyGameDjikstraAlgo.csproj", "{523F06A5-1DAE-4958-830F-72C48A0E30F1}"
EndProject
Project("{FAE04EC0-301F-11D3-BF4B-00C04F79EFBC}") = "UnitTests", "MinHeapUnitTests\UnitTests.csproj", "{7225C122-9378-4BEA-BA3B-F3D2701174F0}"
EndProject
Global
	GlobalSection(SolutionConfigurationPlatforms) = preSolution
		Debug|Any CPU = Debug|Any CPU
		Release|Any CPU = Release|Any CPU
	EndGlobalSection
	GlobalSection(ProjectConfigurationPlatforms) = postSolution
		{523F06A5-1DAE-4958-830F-72C48A0E30F1}.Debug|Any CPU.ActiveCfg = Debug|Any CPU
		{523F06A5-1DAE-4958-830F-72C48A0E30F1}.Debug|Any CPU.Build.0 = Debug|Any CPU
		{523F06A5-1DAE-4958-830F-72C48A0E30F1}.Release|Any CPU.ActiveCfg = Release|Any CPU
		{523F06A5-1DAE-4958-830F-72C48A0E30F1}.Release|Any CPU.Build.0 = Release|Any CPU
		{7225C122-9378-4BEA-BA3B-F3D2701174F0}.Debug|Any CPU.ActiveCfg = Debug|Any CPU
		{7225C122-9378-4BEA-BA3B-F3D2701174F0}.Debug|Any CPU.Build.0 = Debug|Any CPU
		{7225C122-9378-4BEA-BA3B-F3D2701174F0}.Release|Any CPU.ActiveCfg = Release|Any CPU
		{7225C122-9378-4BEA-BA3B-F3D2701174F0}.Release|Any CPU.Build.0 = Release|Any CPU
	EndGlobalSection
	GlobalSection(SolutionProperties) = preSolution
		HideSolutionNode = FALSE
	EndGlobalSection
	GlobalSection(ExtensibilityGlobals) = postSolution
		SolutionGuid = {A90E327A-A6BC-49D8-8916-1750756E3AD3}
	EndGlobalSection
EndGlobal
